
Microsoft Visual Studio Solution File, Format Version 12.00
# Visual Studio Version 17
VisualStudioVersion = 17.14.36511.14
MinimumVisualStudioVersion = 10.0.40219.1
Project("{FAE04EC0-301F-11D3-BF4B-00C04F79EFBC}") = "HSLCopy", "HSLCopy\HSLCopy.csproj", "{2B3ECD09-1E6A-43DF-BF25-639F7AB33EF3}"
EndProject
Project("{FAE04EC0-301F-11D3-BF4B-00C04F79EFBC}") = "CommandAttribute", "CommandAttribute\CommandAttribute.csproj", "{C2BAF11D-4828-46ED-8E3D-4E18BB1658BF}"
EndProject
Project("{FAE04EC0-301F-11D3-BF4B-00C04F79EFBC}") = "NormolCommand", "NormolCommand\NormolCommand.csproj", "{F498C34B-2B9C-4F12-BBE0-BD97E9EB500A}"
EndProject
Project("{FAE04EC0-301F-11D3-BF4B-00C04F79EFBC}") = "MathCommand", "MathCommand\MathCommand.csproj", "{3EECD4A4-EE0D-4285-8742-8E50AFB19046}"
EndProject
Global
	GlobalSection(SolutionConfigurationPlatforms) = preSolution
		Debug|Any CPU = Debug|Any CPU
		Release|Any CPU = Release|Any CPU
	EndGlobalSection
	GlobalSection(ProjectConfigurationPlatforms) = postSolution
		{2B3ECD09-1E6A-43DF-BF25-639F7AB33EF3}.Debug|Any CPU.ActiveCfg = Debug|Any CPU
		{2B3ECD09-1E6A-43DF-BF25-639F7AB33EF3}.Debug|Any CPU.Build.0 = Debug|Any CPU
		{2B3ECD09-1E6A-43DF-BF25-639F7AB33EF3}.Release|Any CPU.ActiveCfg = Release|Any CPU
		{2B3ECD09-1E6A-43DF-BF25-639F7AB33EF3}.Release|Any CPU.Build.0 = Release|Any CPU
		{C2BAF11D-4828-46ED-8E3D-4E18BB1658BF}.Debug|Any CPU.ActiveCfg = Debug|Any CPU
		{C2BAF11D-4828-46ED-8E3D-4E18BB1658BF}.Debug|Any CPU.Build.0 = Debug|Any CPU
		{C2BAF11D-4828-46ED-8E3D-4E18BB1658BF}.Release|Any CPU.ActiveCfg = Release|Any CPU
		{C2BAF11D-4828-46ED-8E3D-4E18BB1658BF}.Release|Any CPU.Build.0 = Release|Any CPU
		{F498C34B-2B9C-4F12-BBE0-BD97E9EB500A}.Debug|Any CPU.ActiveCfg = Debug|Any CPU
		{F498C34B-2B9C-4F12-BBE0-BD97E9EB500A}.Debug|Any CPU.Build.0 = Debug|Any CPU
		{F498C34B-2B9C-4F12-BBE0-BD97E9EB500A}.Release|Any CPU.ActiveCfg = Release|Any CPU
		{F498C34B-2B9C-4F12-BBE0-BD97E9EB500A}.Release|Any CPU.Build.0 = Release|Any CPU
		{3EECD4A4-EE0D-4285-8742-8E50AFB19046}.Debug|Any CPU.ActiveCfg = Debug|Any CPU
		{3EECD4A4-EE0D-4285-8742-8E50AFB19046}.Debug|Any CPU.Build.0 = Debug|Any CPU
		{3EECD4A4-EE0D-4285-8742-8E50AFB19046}.Release|Any CPU.ActiveCfg = Release|Any CPU
		{3EECD4A4-EE0D-4285-8742-8E50AFB19046}.Release|Any CPU.Build.0 = Release|Any CPU
	EndGlobalSection
	GlobalSection(SolutionProperties) = preSolution
		HideSolutionNode = FALSE
	EndGlobalSection
	GlobalSection(ExtensibilityGlobals) = postSolution
		SolutionGuid = {2E88483E-515A-491C-B1D2-3C8F0F034773}
	EndGlobalSection
EndGlobal
